
Microsoft Visual Studio Solution File, Format Version 12.00
# Visual Studio Version 16
VisualStudioVersion = 16.0.29215.179
MinimumVisualStudioVersion = 10.0.40219.1
Project("{FAE04EC0-301F-11D3-BF4B-00C04F79EFBC}") = "GXXSyncOA", "GXXSyncOA\GXXSyncOA.csproj", "{7E25197A-B594-468A-B209-30392F31B666}"
EndProject
Project("{FAE04EC0-301F-11D3-BF4B-00C04F79EFBC}") = "SyncOAdll", "SyncOAdll\SyncOAdll.csproj", "{5F695667-DC0F-4F90-AC57-C490A2B9F8F0}"
EndProject
Global
	GlobalSection(SolutionConfigurationPlatforms) = preSolution
		Debug|Any CPU = Debug|Any CPU
		Release|Any CPU = Release|Any CPU
	EndGlobalSection
	GlobalSection(ProjectConfigurationPlatforms) = postSolution
		{7E25197A-B594-468A-B209-30392F31B666}.Debug|Any CPU.ActiveCfg = Debug|Any CPU
		{7E25197A-B594-468A-B209-30392F31B666}.Debug|Any CPU.Build.0 = Debug|Any CPU
		{7E25197A-B594-468A-B209-30392F31B666}.Release|Any CPU.ActiveCfg = Release|Any CPU
		{7E25197A-B594-468A-B209-30392F31B666}.Release|Any CPU.Build.0 = Release|Any CPU
		{5F695667-DC0F-4F90-AC57-C490A2B9F8F0}.Debug|Any CPU.ActiveCfg = Debug|Any CPU
		{5F695667-DC0F-4F90-AC57-C490A2B9F8F0}.Debug|Any CPU.Build.0 = Debug|Any CPU
		{5F695667-DC0F-4F90-AC57-C490A2B9F8F0}.Release|Any CPU.ActiveCfg = Release|Any CPU
		{5F695667-DC0F-4F90-AC57-C490A2B9F8F0}.Release|Any CPU.Build.0 = Release|Any CPU
	EndGlobalSection
	GlobalSection(SolutionProperties) = preSolution
		HideSolutionNode = FALSE
	EndGlobalSection
	GlobalSection(ExtensibilityGlobals) = postSolution
		SolutionGuid = {75305525-F22C-42B3-94D6-C80301A8A27B}
	EndGlobalSection
EndGlobal
